
Microsoft Visual Studio Solution File, Format Version 12.00
# Visual Studio Version 17
VisualStudioVersion = 17.12.35527.113
MinimumVisualStudioVersion = 10.0.40219.1
Project("{FAE04EC0-301F-11D3-BF4B-00C04F79EFBC}") = "AbdullinaPZ182", "AbdullinaPZ182\AbdullinaPZ182.csproj", "{7695849C-0226-43F0-9747-16F1AEA17F74}"
EndProject
Project("{FAE04EC0-301F-11D3-BF4B-00C04F79EFBC}") = "Test", "Test\Test.csproj", "{AA0B8B0B-A3D7-4F81-92BA-D3D62A1975E2}"
EndProject
Project("{2150E333-8FDC-42A3-9474-1A3956D46DE8}") = "Элементы решения", "Элементы решения", "{95A8C699-EE10-4D11-A848-EAF752080F25}"
	ProjectSection(SolutionItems) = preProject
		sql_script.txt = sql_script.txt
	EndProjectSection
EndProject
Global
	GlobalSection(SolutionConfigurationPlatforms) = preSolution
		Debug|Any CPU = Debug|Any CPU
		Release|Any CPU = Release|Any CPU
	EndGlobalSection
	GlobalSection(ProjectConfigurationPlatforms) = postSolution
		{7695849C-0226-43F0-9747-16F1AEA17F74}.Debug|Any CPU.ActiveCfg = Debug|Any CPU
		{7695849C-0226-43F0-9747-16F1AEA17F74}.Debug|Any CPU.Build.0 = Debug|Any CPU
		{7695849C-0226-43F0-9747-16F1AEA17F74}.Release|Any CPU.ActiveCfg = Release|Any CPU
		{7695849C-0226-43F0-9747-16F1AEA17F74}.Release|Any CPU.Build.0 = Release|Any CPU
		{AA0B8B0B-A3D7-4F81-92BA-D3D62A1975E2}.Debug|Any CPU.ActiveCfg = Debug|Any CPU
		{AA0B8B0B-A3D7-4F81-92BA-D3D62A1975E2}.Debug|Any CPU.Build.0 = Debug|Any CPU
		{AA0B8B0B-A3D7-4F81-92BA-D3D62A1975E2}.Release|Any CPU.ActiveCfg = Release|Any CPU
		{AA0B8B0B-A3D7-4F81-92BA-D3D62A1975E2}.Release|Any CPU.Build.0 = Release|Any CPU
	EndGlobalSection
	GlobalSection(SolutionProperties) = preSolution
		HideSolutionNode = FALSE
	EndGlobalSection
EndGlobal
